
Microsoft Visual Studio Solution File, Format Version 12.00
# Visual Studio Version 17
VisualStudioVersion = 17.14.36915.13 d17.14
MinimumVisualStudioVersion = 10.0.40219.1
Project("{FAE04EC0-301F-11D3-BF4B-00C04F79EFBC}") = "EjercicioGit4", "EjercicioGit4.csproj", "{BAA37EBF-DECB-4955-833D-81D41EB503BB}"
EndProject
Global
	GlobalSection(SolutionConfigurationPlatforms) = preSolution
		Debug|Any CPU = Debug|Any CPU
		Release|Any CPU = Release|Any CPU
	EndGlobalSection
	GlobalSection(ProjectConfigurationPlatforms) = postSolution
		{BAA37EBF-DECB-4955-833D-81D41EB503BB}.Debug|Any CPU.ActiveCfg = Debug|Any CPU
		{BAA37EBF-DECB-4955-833D-81D41EB503BB}.Debug|Any CPU.Build.0 = Debug|Any CPU
		{BAA37EBF-DECB-4955-833D-81D41EB503BB}.Release|Any CPU.ActiveCfg = Release|Any CPU
		{BAA37EBF-DECB-4955-833D-81D41EB503BB}.Release|Any CPU.Build.0 = Release|Any CPU
	EndGlobalSection
	GlobalSection(SolutionProperties) = preSolution
		HideSolutionNode = FALSE
	EndGlobalSection
	GlobalSection(ExtensibilityGlobals) = postSolution
		SolutionGuid = {64A3611B-8E5C-4C21-B331-9A10702B7BA6}
	EndGlobalSection
EndGlobal
